
Microsoft Visual Studio Solution File, Format Version 12.00
# Visual Studio Version 16
VisualStudioVersion = 16.0.34031.81
MinimumVisualStudioVersion = 10.0.40219.1
Project("{888888A0-9F3D-457C-B088-3A5042F75D52}") = "Driver activity - python", "Driver activity - python\Driver activity - python.pyproj", "{FC8CD6D0-1374-4476-A8A6-B43159488DB2}"
EndProject
Global
	GlobalSection(SolutionConfigurationPlatforms) = preSolution
		Debug|Any CPU = Debug|Any CPU
		Release|Any CPU = Release|Any CPU
	EndGlobalSection
	GlobalSection(ProjectConfigurationPlatforms) = postSolution
		{FC8CD6D0-1374-4476-A8A6-B43159488DB2}.Debug|Any CPU.ActiveCfg = Debug|Any CPU
		{FC8CD6D0-1374-4476-A8A6-B43159488DB2}.Release|Any CPU.ActiveCfg = Release|Any CPU
	EndGlobalSection
	GlobalSection(SolutionProperties) = preSolution
		HideSolutionNode = FALSE
	EndGlobalSection
	GlobalSection(ExtensibilityGlobals) = postSolution
		SolutionGuid = {1294BF7D-2DB7-443C-BFF9-35715D9EF08C}
	EndGlobalSection
EndGlobal
