
Microsoft Visual Studio Solution File, Format Version 12.00
# Visual Studio Version 16
VisualStudioVersion = 16.0.34031.81
MinimumVisualStudioVersion = 10.0.40219.1
Project("{888888A0-9F3D-457C-B088-3A5042F75D52}") = "math trick - programming", "math trick - programming\math trick - programming.pyproj", "{139303C8-E088-49DA-906A-4E15CE4038B7}"
EndProject
Global
	GlobalSection(SolutionConfigurationPlatforms) = preSolution
		Debug|Any CPU = Debug|Any CPU
		Release|Any CPU = Release|Any CPU
	EndGlobalSection
	GlobalSection(ProjectConfigurationPlatforms) = postSolution
		{139303C8-E088-49DA-906A-4E15CE4038B7}.Debug|Any CPU.ActiveCfg = Debug|Any CPU
		{139303C8-E088-49DA-906A-4E15CE4038B7}.Release|Any CPU.ActiveCfg = Release|Any CPU
	EndGlobalSection
	GlobalSection(SolutionProperties) = preSolution
		HideSolutionNode = FALSE
	EndGlobalSection
	GlobalSection(ExtensibilityGlobals) = postSolution
		SolutionGuid = {3B397FEA-858A-4796-94E6-36DD3D2A31A0}
	EndGlobalSection
EndGlobal
